Microsoft Visual Studio Solution File, Format Version 12.00
# Visual Studio Version 17
VisualStudioVersion = 17.9.34728.123
MinimumVisualStudioVersion = 16.0.0.0
Project("{2150E333-8FDC-42A3-9474-1A3956D46DE8}") = "src", "src", "{84A499FC-2CF8-4DC5-BB92-7C158089110C}"
EndProject
Project("{9A19103F-16F7-4668-BE54-9A1E7A4F7556}") = "TeamUp", "src\TeamUp\TeamUp.csproj", "{9609910C-338D-4BB4-AF8E-F38997C39F1F}"
EndProject
Project("{9A19103F-16F7-4668-BE54-9A1E7A4F7556}") = "TeamUp.Client", "src\TeamUp.Client\TeamUp.Client.csproj", "{2D3EEEC5-34AF-4B57-8268-06AA7C7042D7}"
EndProject
Project("{9A19103F-16F7-4668-BE54-9A1E7A4F7556}") = "TeamUp.DAL", "src\TeamUp.DAL\TeamUp.DAL.csproj", "{1ADEB438-95E3-4725-9DA0-ACA666D48176}"
EndProject
Project("{9A19103F-16F7-4668-BE54-9A1E7A4F7556}") = "TeamUp.Contracts", "src\TeamUp.Contracts\TeamUp.Contracts.csproj", "{81F763DE-60C3-48B9-AD09-BC2FD2A82490}"
EndProject
Project("{2150E333-8FDC-42A3-9474-1A3956D46DE8}") = "Solution Items", "Solution Items", "{48AE80B7-9166-47C1-93CE-82CFC34A77A4}"
	ProjectSection(SolutionItems) = preProject
		.editorconfig = .editorconfig
		Directory.Build.props = Directory.Build.props
		Directory.Packages.props = Directory.Packages.props
	EndProjectSection
EndProject
Global
	GlobalSection(SolutionConfigurationPlatforms) = preSolution
		Debug|Any CPU = Debug|Any CPU
		Debug|x64 = Debug|x64
		Debug|x86 = Debug|x86
		Release|Any CPU = Release|Any CPU
		Release|x64 = Release|x64
		Release|x86 = Release|x86
	EndGlobalSection
	GlobalSection(ProjectConfigurationPlatforms) = postSolution
		{9609910C-338D-4BB4-AF8E-F38997C39F1F}.Debug|Any CPU.ActiveCfg = Debug|Any CPU
		{9609910C-338D-4BB4-AF8E-F38997C39F1F}.Debug|Any CPU.Build.0 = Debug|Any CPU
		{9609910C-338D-4BB4-AF8E-F38997C39F1F}.Debug|x64.ActiveCfg = Debug|Any CPU
		{9609910C-338D-4BB4-AF8E-F38997C39F1F}.Debug|x64.Build.0 = Debug|Any CPU
		{9609910C-338D-4BB4-AF8E-F38997C39F1F}.Debug|x86.ActiveCfg = Debug|Any CPU
		{9609910C-338D-4BB4-AF8E-F38997C39F1F}.Debug|x86.Build.0 = Debug|Any CPU
		{9609910C-338D-4BB4-AF8E-F38997C39F1F}.Release|Any CPU.ActiveCfg = Release|Any CPU
		{9609910C-338D-4BB4-AF8E-F38997C39F1F}.Release|Any CPU.Build.0 = Release|Any CPU
		{9609910C-338D-4BB4-AF8E-F38997C39F1F}.Release|x64.ActiveCfg = Release|Any CPU
		{9609910C-338D-4BB4-AF8E-F38997C39F1F}.Release|x64.Build.0 = Release|Any CPU
		{9609910C-338D-4BB4-AF8E-F38997C39F1F}.Release|x86.ActiveCfg = Release|Any CPU
		{9609910C-338D-4BB4-AF8E-F38997C39F1F}.Release|x86.Build.0 = Release|Any CPU
		{2D3EEEC5-34AF-4B57-8268-06AA7C7042D7}.Debug|Any CPU.ActiveCfg = Debug|Any CPU
		{2D3EEEC5-34AF-4B57-8268-06AA7C7042D7}.Debug|Any CPU.Build.0 = Debug|Any CPU
		{2D3EEEC5-34AF-4B57-8268-06AA7C7042D7}.Debug|x64.ActiveCfg = Debug|Any CPU
		{2D3EEEC5-34AF-4B57-8268-06AA7C7042D7}.Debug|x64.Build.0 = Debug|Any CPU
		{2D3EEEC5-34AF-4B57-8268-06AA7C7042D7}.Debug|x86.ActiveCfg = Debug|Any CPU
		{2D3EEEC5-34AF-4B57-8268-06AA7C7042D7}.Debug|x86.Build.0 = Debug|Any CPU
		{2D3EEEC5-34AF-4B57-8268-06AA7C7042D7}.Release|Any CPU.ActiveCfg = Release|Any CPU
		{2D3EEEC5-34AF-4B57-8268-06AA7C7042D7}.Release|Any CPU.Build.0 = Release|Any CPU
		{2D3EEEC5-34AF-4B57-8268-06AA7C7042D7}.Release|x64.ActiveCfg = Release|Any CPU
		{2D3EEEC5-34AF-4B57-8268-06AA7C7042D7}.Release|x64.Build.0 = Release|Any CPU
		{2D3EEEC5-34AF-4B57-8268-06AA7C7042D7}.Release|x86.ActiveCfg = Release|Any CPU
		{2D3EEEC5-34AF-4B57-8268-06AA7C7042D7}.Release|x86.Build.0 = Release|Any CPU
		{1ADEB438-95E3-4725-9DA0-ACA666D48176}.Debug|Any CPU.ActiveCfg = Debug|Any CPU
		{1ADEB438-95E3-4725-9DA0-ACA666D48176}.Debug|Any CPU.Build.0 = Debug|Any CPU
		{1ADEB438-95E3-4725-9DA0-ACA666D48176}.Debug|x64.ActiveCfg = Debug|Any CPU
		{1ADEB438-95E3-4725-9DA0-ACA666D48176}.Debug|x64.Build.0 = Debug|Any CPU
		{1ADEB438-95E3-4725-9DA0-ACA666D48176}.Debug|x86.ActiveCfg = Debug|Any CPU
		{1ADEB438-95E3-4725-9DA0-ACA666D48176}.Debug|x86.Build.0 = Debug|Any CPU
		{1ADEB438-95E3-4725-9DA0-ACA666D48176}.Release|Any CPU.ActiveCfg = Release|Any CPU
		{1ADEB438-95E3-4725-9DA0-ACA666D48176}.Release|Any CPU.Build.0 = Release|Any CPU
		{1ADEB438-95E3-4725-9DA0-ACA666D48176}.Release|x64.ActiveCfg = Release|Any CPU
		{1ADEB438-95E3-4725-9DA0-ACA666D48176}.Release|x64.Build.0 = Release|Any CPU
		{1ADEB438-95E3-4725-9DA0-ACA666D48176}.Release|x86.ActiveCfg = Release|Any CPU
		{1ADEB438-95E3-4725-9DA0-ACA666D48176}.Release|x86.Build.0 = Release|Any CPU
		{81F763DE-60C3-48B9-AD09-BC2FD2A82490}.Debug|Any CPU.ActiveCfg = Debug|Any CPU
		{81F763DE-60C3-48B9-AD09-BC2FD2A82490}.Debug|Any CPU.Build.0 = Debug|Any CPU
		{81F763DE-60C3-48B9-AD09-BC2FD2A82490}.Debug|x64.ActiveCfg = Debug|Any CPU
		{81F763DE-60C3-48B9-AD09-BC2FD2A82490}.Debug|x64.Build.0 = Debug|Any CPU
		{81F763DE-60C3-48B9-AD09-BC2FD2A82490}.Debug|x86.ActiveCfg = Debug|Any CPU
		{81F763DE-60C3-48B9-AD09-BC2FD2A82490}.Debug|x86.Build.0 = Debug|Any CPU
		{81F763DE-60C3-48B9-AD09-BC2FD2A82490}.Release|Any CPU.ActiveCfg = Release|Any CPU
		{81F763DE-60C3-48B9-AD09-BC2FD2A82490}.Release|Any CPU.Build.0 = Release|Any CPU
		{81F763DE-60C3-48B9-AD09-BC2FD2A82490}.Release|x64.ActiveCfg = Release|Any CPU
		{81F763DE-60C3-48B9-AD09-BC2FD2A82490}.Release|x64.Build.0 = Release|Any CPU
		{81F763DE-60C3-48B9-AD09-BC2FD2A82490}.Release|x86.ActiveCfg = Release|Any CPU
		{81F763DE-60C3-48B9-AD09-BC2FD2A82490}.Release|x86.Build.0 = Release|Any CPU
	EndGlobalSection
	GlobalSection(SolutionProperties) = preSolution
		HideSolutionNode = FALSE
	EndGlobalSection
	GlobalSection(NestedProjects) = preSolution
		{9609910C-338D-4BB4-AF8E-F38997C39F1F} = {84A499FC-2CF8-4DC5-BB92-7C158089110C}
		{2D3EEEC5-34AF-4B57-8268-06AA7C7042D7} = {84A499FC-2CF8-4DC5-BB92-7C158089110C}
		{1ADEB438-95E3-4725-9DA0-ACA666D48176} = {84A499FC-2CF8-4DC5-BB92-7C158089110C}
		{81F763DE-60C3-48B9-AD09-BC2FD2A82490} = {84A499FC-2CF8-4DC5-BB92-7C158089110C}
	EndGlobalSection
	GlobalSection(ExtensibilityGlobals) = postSolution
		SolutionGuid = {FB5C244A-E090-4605-9C5D-1F7013352D71}
	EndGlobalSection
EndGlobal
